
Microsoft Visual Studio Solution File, Format Version 11.00
# Visual Studio 2010
Project("{FAE04EC0-301F-11D3-BF4B-00C04F79EFBC}") = "EyeDropper", "EyeDropper.csproj", "{9DCC8254-6A40-42F5-9433-0012D1A7E5CF}"
EndProject
Global
	GlobalSection(SolutionConfigurationPlatforms) = preSolution
		Debug|x86 = Debug|x86
		Release|x86 = Release|x86
	EndGlobalSection
	GlobalSection(ProjectConfigurationPlatforms) = postSolution
		{9DCC8254-6A40-42F5-9433-0012D1A7E5CF}.Debug|x86.ActiveCfg = Debug|x86
		{9DCC8254-6A40-42F5-9433-0012D1A7E5CF}.Debug|x86.Build.0 = Debug|x86
		{9DCC8254-6A40-42F5-9433-0012D1A7E5CF}.Release|x86.ActiveCfg = Release|x86
		{9DCC8254-6A40-42F5-9433-0012D1A7E5CF}.Release|x86.Build.0 = Release|x86
	EndGlobalSection
	GlobalSection(SolutionProperties) = preSolution
		HideSolutionNode = FALSE
	EndGlobalSection
EndGlobal
